// !$*UTF8*$!
{
	archiveVersion = 1;
	classes = {
	};
	objectVersion = 56;
	objects = {

/* Begin PBXBuildFile section */
		8061182A2C33F88D00A0284F /* DetailEditView.swift in Sources */ = {isa = PBXBuildFile; fileRef = 806118292C33F88D00A0284F /* DetailEditView.swift */; };
		809C1FE22C2EA06F00F2FEF2 /* ScrumdingerApp.swift in Sources */ = {isa = PBXBuildFile; fileRef = 809C1FE12C2EA06F00F2FEF2 /* ScrumdingerApp.swift */; };
		809C1FE42C2EA06F00F2FEF2 /* MeetingView.swift in Sources */ = {isa = PBXBuildFile; fileRef = 809C1FE32C2EA06F00F2FEF2 /* MeetingView.swift */; };
		809C1FE62C2EA07000F2FEF2 /* Assets.xcassets in Resources */ = {isa = PBXBuildFile; fileRef = 809C1FE52C2EA07000F2FEF2 /* Assets.xcassets */; };
		809C1FE92C2EA07000F2FEF2 /* Preview Assets.xcassets in Resources */ = {isa = PBXBuildFile; fileRef = 809C1FE82C2EA07000F2FEF2 /* Preview Assets.xcassets */; };
		809C1FF12C2EAD2A00F2FEF2 /* Theme.swift in Sources */ = {isa = PBXBuildFile; fileRef = 809C1FF02C2EAD2A00F2FEF2 /* Theme.swift */; };
		809C1FF32C2EAE3A00F2FEF2 /* DailyScrum.swift in Sources */ = {isa = PBXBuildFile; fileRef = 809C1FF22C2EAE3A00F2FEF2 /* DailyScrum.swift */; };
		809C1FF52C2EB1B300F2FEF2 /* CardView.swift in Sources */ = {isa = PBXBuildFile; fileRef = 809C1FF42C2EB1B300F2FEF2 /* CardView.swift */; };
		809C1FF72C2EB5DA00F2FEF2 /* TrailingIconLabelStyle.swift in Sources */ = {isa = PBXBuildFile; fileRef = 809C1FF62C2EB5DA00F2FEF2 /* TrailingIconLabelStyle.swift */; };
		809C1FF92C2EBD7E00F2FEF2 /* ScrumsView.swift in Sources */ = {isa = PBXBuildFile; fileRef = 809C1FF82C2EBD7E00F2FEF2 /* ScrumsView.swift */; };
		80F953F62C3244FF00174E7B /* DetailView.swift in Sources */ = {isa = PBXBuildFile; fileRef = 80F953F52C3244FF00174E7B /* DetailView.swift */; };
/* End PBXBuildFile section */

/* Begin PBXFileReference section */
		806118292C33F88D00A0284F /* DetailEditView.swift */ = {isa = PBXFileReference; fileEncoding = 4; lastKnownFileType = sourcecode.swift; name = DetailEditView.swift; path = ../../../../Desktop/CreatingANavigationHierarchy/StartingProject/Scrumdinger/Views/DetailEditView.swift; sourceTree = "<group>"; };
		809C1FDE2C2EA06F00F2FEF2 /* Scrumdinger.app */ = {isa = PBXFileReference; explicitFileType = wrapper.application; includeInIndex = 0; path = Scrumdinger.app; sourceTree = BUILT_PRODUCTS_DIR; };
		809C1FE12C2EA06F00F2FEF2 /* ScrumdingerApp.swift */ = {isa = PBXFileReference; lastKnownFileType = sourcecode.swift; path = ScrumdingerApp.swift; sourceTree = "<group>"; };
		809C1FE32C2EA06F00F2FEF2 /* MeetingView.swift */ = {isa = PBXFileReference; lastKnownFileType = sourcecode.swift; path = MeetingView.swift; sourceTree = "<group>"; };
		809C1FE52C2EA07000F2FEF2 /* Assets.xcassets */ = {isa = PBXFileReference; lastKnownFileType = folder.assetcatalog; path = Assets.xcassets; sourceTree = "<group>"; };
		809C1FE82C2EA07000F2FEF2 /* Preview Assets.xcassets */ = {isa = PBXFileReference; lastKnownFileType = folder.assetcatalog; path = "Preview Assets.xcassets"; sourceTree = "<group>"; };
		809C1FF02C2EAD2A00F2FEF2 /* Theme.swift */ = {isa = PBXFileReference; lastKnownFileType = sourcecode.swift; path = Theme.swift; sourceTree = "<group>"; };
		809C1FF22C2EAE3A00F2FEF2 /* DailyScrum.swift */ = {isa = PBXFileReference; lastKnownFileType = sourcecode.swift; path = DailyScrum.swift; sourceTree = "<group>"; };
		809C1FF42C2EB1B300F2FEF2 /* CardView.swift */ = {isa = PBXFileReference; lastKnownFileType = sourcecode.swift; path = CardView.swift; sourceTree = "<group>"; };
		809C1FF62C2EB5DA00F2FEF2 /* TrailingIconLabelStyle.swift */ = {isa = PBXFileReference; lastKnownFileType = sourcecode.swift; path = TrailingIconLabelStyle.swift; sourceTree = "<group>"; };
		809C1FF82C2EBD7E00F2FEF2 /* ScrumsView.swift */ = {isa = PBXFileReference; lastKnownFileType = sourcecode.swift; path = ScrumsView.swift; sourceTree = "<group>"; };
		80F953F52C3244FF00174E7B /* DetailView.swift */ = {isa = PBXFileReference; lastKnownFileType = sourcecode.swift; path = DetailView.swift; sourceTree = "<group>"; };
/* End PBXFileReference section */

/* Begin PBXFrameworksBuildPhase section */
		809C1FDB2C2EA06F00F2FEF2 /* Frameworks */ = {
			isa = PBXFrameworksBuildPhase;
			buildActionMask = 2147483647;
			files = (
			);
			runOnlyForDeploymentPostprocessing = 0;
		};
/* End PBXFrameworksBuildPhase section */

/* Begin PBXGroup section */
		806118262C33E45500A0284F /* Views */ = {
			isa = PBXGroup;
			children = (
				809C1FE32C2EA06F00F2FEF2 /* MeetingView.swift */,
				80F953F52C3244FF00174E7B /* DetailView.swift */,
				806118292C33F88D00A0284F /* DetailEditView.swift */,
				809C1FF82C2EBD7E00F2FEF2 /* ScrumsView.swift */,
				809C1FF62C2EB5DA00F2FEF2 /* TrailingIconLabelStyle.swift */,
				809C1FF42C2EB1B300F2FEF2 /* CardView.swift */,
			);
			path = Views;
			sourceTree = "<group>";
		};
		809C1FD52C2EA06F00F2FEF2 = {
			isa = PBXGroup;
			children = (
				809C1FE02C2EA06F00F2FEF2 /* Scrumdinger */,
				809C1FDF2C2EA06F00F2FEF2 /* Products */,
			);
			sourceTree = "<group>";
		};
		809C1FDF2C2EA06F00F2FEF2 /* Products */ = {
			isa = PBXGroup;
			children = (
				809C1FDE2C2EA06F00F2FEF2 /* Scrumdinger.app */,
			);
			name = Products;
			sourceTree = "<group>";
		};
		809C1FE02C2EA06F00F2FEF2 /* Scrumdinger */ = {
			isa = PBXGroup;
			children = (
				809C1FE12C2EA06F00F2FEF2 /* ScrumdingerApp.swift */,
				809C1FEF2C2EAC6E00F2FEF2 /* Models */,
				806118262C33E45500A0284F /* Views */,
				809C1FE52C2EA07000F2FEF2 /* Assets.xcassets */,
				809C1FE72C2EA07000F2FEF2 /* Preview Content */,
			);
			path = Scrumdinger;
			sourceTree = "<group>";
		};
		809C1FE72C2EA07000F2FEF2 /* Preview Content */ = {
			isa = PBXGroup;
			children = (
				809C1FE82C2EA07000F2FEF2 /* Preview Assets.xcassets */,
			);
			path = "Preview Content";
			sourceTree = "<group>";
		};
		809C1FEF2C2EAC6E00F2FEF2 /* Models */ = {
			isa = PBXGroup;
			children = (
				809C1FF02C2EAD2A00F2FEF2 /* Theme.swift */,
				809C1FF22C2EAE3A00F2FEF2 /* DailyScrum.swift */,
			);
			path = Models;
			sourceTree = "<group>";
		};
/* End PBXGroup section */

/* Begin PBXNativeTarget section */
		809C1FDD2C2EA06F00F2FEF2 /* Scrumdinger */ = {
			isa = PBXNativeTarget;
			buildConfigurationList = 809C1FEC2C2EA07000F2FEF2 /* Build configuration list for PBXNativeTarget "Scrumdinger" */;
			buildPhases = (
				809C1FDA2C2EA06F00F2FEF2 /* Sources */,
				809C1FDB2C2EA06F00F2FEF2 /* Frameworks */,
				809C1FDC2C2EA06F00F2FEF2 /* Resources */,
			);
			buildRules = (
			);
			dependencies = (
			);
			name = Scrumdinger;
			productName = Scrumdinger;
			productReference = 809C1FDE2C2EA06F00F2FEF2 /* Scrumdinger.app */;
			productType = "com.apple.product-type.application";
		};
/* End PBXNativeTarget section */

/* Begin PBXProject section */
		809C1FD62C2EA06F00F2FEF2 /* Project object */ = {
			isa = PBXProject;
			attributes = {
				BuildIndependentTargetsInParallel = 1;
				LastSwiftUpdateCheck = 1540;
				LastUpgradeCheck = 1540;
				TargetAttributes = {
					809C1FDD2C2EA06F00F2FEF2 = {
						CreatedOnToolsVersion = 15.4;
					};
				};
			};
			buildConfigurationList = 809C1FD92C2EA06F00F2FEF2 /* Build configuration list for PBXProject "Scrumdinger" */;
			compatibilityVersion = "Xcode 14.0";
			developmentRegion = en;
			hasScannedForEncodings = 0;
			knownRegions = (
				en,
				Base,
			);
			mainGroup = 809C1FD52C2EA06F00F2FEF2;
			productRefGroup = 809C1FDF2C2EA06F00F2FEF2 /* Products */;
			projectDirPath = "";
			projectRoot = "";
			targets = (
				809C1FDD2C2EA06F00F2FEF2 /* Scrumdinger */,
			);
		};
/* End PBXProject section */

/* Begin PBXResourcesBuildPhase section */
		809C1FDC2C2EA06F00F2FEF2 /* Resources */ = {
			isa = PBXResourcesBuildPhase;
			buildActionMask = 2147483647;
			files = (
				809C1FE92C2EA07000F2FEF2 /* Preview Assets.xcassets in Resources */,
				809C1FE62C2EA07000F2FEF2 /* Assets.xcassets in Resources */,
			);
			runOnlyForDeploymentPostprocessing = 0;
		};
/* End PBXResourcesBuildPhase section */

/* Begin PBXSourcesBuildPhase section */
		809C1FDA2C2EA06F00F2FEF2 /* Sources */ = {
			isa = PBXSourcesBuildPhase;
			buildActionMask = 2147483647;
			files = (
				809C1FF32C2EAE3A00F2FEF2 /* DailyScrum.swift in Sources */,
				80F953F62C3244FF00174E7B /* DetailView.swift in Sources */,
				8061182A2C33F88D00A0284F /* DetailEditView.swift in Sources */,
				809C1FF72C2EB5DA00F2FEF2 /* TrailingIconLabelStyle.swift in Sources */,
				809C1FF12C2EAD2A00F2FEF2 /* Theme.swift in Sources */,
				809C1FF92C2EBD7E00F2FEF2 /* ScrumsView.swift in Sources */,
				809C1FE42C2EA06F00F2FEF2 /* MeetingView.swift in Sources */,
				809C1FE22C2EA06F00F2FEF2 /* ScrumdingerApp.swift in Sources */,
				809C1FF52C2EB1B300F2FEF2 /* CardView.swift in Sources */,
			);
			runOnlyForDeploymentPostprocessing = 0;
		};
/* End PBXSourcesBuildPhase section */

/* Begin XCBuildConfiguration section */
		809C1FEA2C2EA07000F2FEF2 /* Debug */ = {
			isa = XCBuildConfiguration;
			buildSettings = {
				ALWAYS_SEARCH_USER_PATHS = NO;
				ASSETCATALOG_COMPILER_GENERATE_SWIFT_ASSET_SYMBOL_EXTENSIONS = YES;
				CLANG_ANALYZER_NONNULL = YES;
				CLANG_ANALYZER_NUMBER_OBJECT_CONVERSION = YES_AGGRESSIVE;
				CLANG_CXX_LANGUAGE_STANDARD = "gnu++20";
				CLANG_ENABLE_MODULES = YES;
				CLANG_ENABLE_OBJC_ARC = YES;
				CLANG_ENABLE_OBJC_WEAK = YES;
				CLANG_WARN_BLOCK_CAPTURE_AUTORELEASING = YES;
				CLANG_WARN_BOOL_CONVERSION = YES;
				CLANG_WARN_COMMA = YES;
				CLANG_WARN_CONSTANT_CONVERSION = YES;
				CLANG_WARN_DEPRECATED_OBJC_IMPLEMENTATIONS = YES;
				CLANG_WARN_DIRECT_OBJC_ISA_USAGE = YES_ERROR;
				CLANG_WARN_DOCUMENTATION_COMMENTS = YES;
				CLANG_WARN_EMPTY_BODY = YES;
				CLANG_WARN_ENUM_CONVERSION = YES;
				CLANG_WARN_INFINITE_RECURSION = YES;
				CLANG_WARN_INT_CONVERSION = YES;
				CLANG_WARN_NON_LITERAL_NULL_CONVERSION = YES;
				CLANG_WARN_OBJC_IMPLICIT_RETAIN_SELF = YES;
				CLANG_WARN_OBJC_LITERAL_CONVERSION = YES;
				CLANG_WARN_OBJC_ROOT_CLASS = YES_ERROR;
				CLANG_WARN_QUOTED_INCLUDE_IN_FRAMEWORK_HEADER = YES;
				CLANG_WARN_RANGE_LOOP_ANALYSIS = YES;
				CLANG_WARN_STRICT_PROTOTYPES = YES;
				CLANG_WARN_SUSPICIOUS_MOVE = YES;
				CLANG_WARN_UNGUARDED_AVAILABILITY = YES_AGGRESSIVE;
				CLANG_WARN_UNREACHABLE_CODE = YES;
				CLANG_WARN__DUPLICATE_METHOD_MATCH = YES;
				COPY_PHASE_STRIP = NO;
				DEBUG_INFORMATION_FORMAT = dwarf;
				ENABLE_STRICT_OBJC_MSGSEND = YES;
				ENABLE_TESTABILITY = YES;
				ENABLE_USER_SCRIPT_SANDBOXING = YES;
				GCC_C_LANGUAGE_STANDARD = gnu17;
				GCC_DYNAMIC_NO_PIC = NO;
				GCC_NO_COMMON_BLOCKS = YES;
				GCC_OPTIMIZATION_LEVEL = 0;
				GCC_PREPROCESSOR_DEFINITIONS = (
					"DEBUG=1",
					"$(inherited)",
				);
				GCC_WARN_64_TO_32_BIT_CONVERSION = YES;
				GCC_WARN_ABOUT_RETURN_TYPE = YES_ERROR;
				GCC_WARN_UNDECLARED_SELECTOR = YES;
				GCC_WARN_UNINITIALIZED_AUTOS = YES_AGGRESSIVE;
				GCC_WARN_UNUSED_FUNCTION = YES;
				GCC_WARN_UNUSED_VARIABLE = YES;
				IPHONEOS_DEPLOYMENT_TARGET = 17.5;
				LOCALIZATION_PREFERS_STRING_CATALOGS = YES;
				MTL_ENABLE_DEBUG_INFO = INCLUDE_SOURCE;
				MTL_FAST_MATH = YES;
				ONLY_ACTIVE_ARCH = YES;
				SDKROOT = iphoneos;
				SWIFT_ACTIVE_COMPILATION_CONDITIONS = "DEBUG $(inherited)";
				SWIFT_OPTIMIZATION_LEVEL = "-Onone";
			};
			name = Debug;
		};
		809C1FEB2C2EA07000F2FEF2 /* Release */ = {
			isa = XCBuildConfiguration;
			buildSettings = {
				ALWAYS_SEARCH_USER_PATHS = NO;
				ASSETCATALOG_COMPILER_GENERATE_SWIFT_ASSET_SYMBOL_EXTENSIONS = YES;
				CLANG_ANALYZER_NONNULL = YES;
				CLANG_ANALYZER_NUMBER_OBJECT_CONVERSION = YES_AGGRESSIVE;
				CLANG_CXX_LANGUAGE_STANDARD = "gnu++20";
				CLANG_ENABLE_MODULES = YES;
				CLANG_ENABLE_OBJC_ARC = YES;
				CLANG_ENABLE_OBJC_WEAK = YES;
				CLANG_WARN_BLOCK_CAPTURE_AUTORELEASING = YES;
				CLANG_WARN_BOOL_CONVERSION = YES;
				CLANG_WARN_COMMA = YES;
				CLANG_WARN_CONSTANT_CONVERSION = YES;
				CLANG_WARN_DEPRECATED_OBJC_IMPLEMENTATIONS = YES;
				CLANG_WARN_DIRECT_OBJC_ISA_USAGE = YES_ERROR;
				CLANG_WARN_DOCUMENTATION_COMMENTS = YES;
				CLANG_WARN_EMPTY_BODY = YES;
				CLANG_WARN_ENUM_CONVERSION = YES;
				CLANG_WARN_INFINITE_RECURSION = YES;
				CLANG_WARN_INT_CONVERSION = YES;
				CLANG_WARN_NON_LITERAL_NULL_CONVERSION = YES;
				CLANG_WARN_OBJC_IMPLICIT_RETAIN_SELF = YES;
				CLANG_WARN_OBJC_LITERAL_CONVERSION = YES;
				CLANG_WARN_OBJC_ROOT_CLASS = YES_ERROR;
				CLANG_WARN_QUOTED_INCLUDE_IN_FRAMEWORK_HEADER = YES;
				CLANG_WARN_RANGE_LOOP_ANALYSIS = YES;
				CLANG_WARN_STRICT_PROTOTYPES = YES;
				CLANG_WARN_SUSPICIOUS_MOVE = YES;
				CLANG_WARN_UNGUARDED_AVAILABILITY = YES_AGGRESSIVE;
				CLANG_WARN_UNREACHABLE_CODE = YES;
				CLANG_WARN__DUPLICATE_METHOD_MATCH = YES;
				COPY_PHASE_STRIP = NO;
				DEBUG_INFORMATION_FORMAT = "dwarf-with-dsym";
				ENABLE_NS_ASSERTIONS = NO;
				ENABLE_STRICT_OBJC_MSGSEND = YES;
				ENABLE_USER_SCRIPT_SANDBOXING = YES;
				GCC_C_LANGUAGE_STANDARD = gnu17;
				GCC_NO_COMMON_BLOCKS = YES;
				GCC_WARN_64_TO_32_BIT_CONVERSION = YES;
				GCC_WARN_ABOUT_RETURN_TYPE = YES_ERROR;
				GCC_WARN_UNDECLARED_SELECTOR = YES;
				GCC_WARN_UNINITIALIZED_AUTOS = YES_AGGRESSIVE;
				GCC_WARN_UNUSED_FUNCTION = YES;
				GCC_WARN_UNUSED_VARIABLE = YES;
				IPHONEOS_DEPLOYMENT_TARGET = 17.5;
				LOCALIZATION_PREFERS_STRING_CATALOGS = YES;
				MTL_ENABLE_DEBUG_INFO = NO;
				MTL_FAST_MATH = YES;
				SDKROOT = iphoneos;
				SWIFT_COMPILATION_MODE = wholemodule;
				VALIDATE_PRODUCT = YES;
			};
			name = Release;
		};
		809C1FED2C2EA07000F2FEF2 /* Debug */ = {
			isa = XCBuildConfiguration;
			buildSettings = {
				ASSETCATALOG_COMPILER_APPICON_NAME = AppIcon;
				ASSETCATALOG_COMPILER_GLOBAL_ACCENT_COLOR_NAME = AccentColor;
				CODE_SIGN_STYLE = Automatic;
				CURRENT_PROJECT_VERSION = 1;
				DEVELOPMENT_ASSET_PATHS = "\"Scrumdinger/Preview Content\"";
				DEVELOPMENT_TEAM = 94H48CDLPU;
				ENABLE_PREVIEWS = YES;
				GENERATE_INFOPLIST_FILE = YES;
				INFOPLIST_KEY_UIApplicationSceneManifest_Generation = YES;
				INFOPLIST_KEY_UIApplicationSupportsIndirectInputEvents = YES;
				INFOPLIST_KEY_UILaunchScreen_Generation = YES;
				INFOPLIST_KEY_UISupportedInterfaceOrientations_iPad = "UIInterfaceOrientationPortrait UIInterfaceOrientationPortraitUpsideDown UIInterfaceOrientationLandscapeLeft UIInterfaceOrientationLandscapeRight";
				INFOPLIST_KEY_UISupportedInterfaceOrientations_iPhone = "UIInterfaceOrientationPortrait UIInterfaceOrientationLandscapeLeft UIInterfaceOrientationLandscapeRight";
				LD_RUNPATH_SEARCH_PATHS = (
					"$(inherited)",
					"@executable_path/Frameworks",
				);
				MARKETING_VERSION = 1.0;
				PRODUCT_BUNDLE_IDENTIFIER = com.huyixi.Scrumdinger;
				PRODUCT_NAME = "$(TARGET_NAME)";
				SWIFT_EMIT_LOC_STRINGS = YES;
				SWIFT_VERSION = 5.0;
				TARGETED_DEVICE_FAMILY = "1,2";
			};
			name = Debug;
		};
		809C1FEE2C2EA07000F2FEF2 /* Release */ = {
			isa = XCBuildConfiguration;
			buildSettings = {
				ASSETCATALOG_COMPILER_APPICON_NAME = AppIcon;
				ASSETCATALOG_COMPILER_GLOBAL_ACCENT_COLOR_NAME = AccentColor;
				CODE_SIGN_STYLE = Automatic;
				CURRENT_PROJECT_VERSION = 1;
				DEVELOPMENT_ASSET_PATHS = "\"Scrumdinger/Preview Content\"";
				DEVELOPMENT_TEAM = 94H48CDLPU;
				ENABLE_PREVIEWS = YES;
				GENERATE_INFOPLIST_FILE = YES;
				INFOPLIST_KEY_UIApplicationSceneManifest_Generation = YES;
				INFOPLIST_KEY_UIApplicationSupportsIndirectInputEvents = YES;
				INFOPLIST_KEY_UILaunchScreen_Generation = YES;
				INFOPLIST_KEY_UISupportedInterfaceOrientations_iPad = "UIInterfaceOrientationPortrait UIInterfaceOrientationPortraitUpsideDown UIInterfaceOrientationLandscapeLeft UIInterfaceOrientationLandscapeRight";
				INFOPLIST_KEY_UISupportedInterfaceOrientations_iPhone = "UIInterfaceOrientationPortrait UIInterfaceOrientationLandscapeLeft UIInterfaceOrientationLandscapeRight";
				LD_RUNPATH_SEARCH_PATHS = (
					"$(inherited)",
					"@executable_path/Frameworks",
				);
				MARKETING_VERSION = 1.0;
				PRODUCT_BUNDLE_IDENTIFIER = com.huyixi.Scrumdinger;
				PRODUCT_NAME = "$(TARGET_NAME)";
				SWIFT_EMIT_LOC_STRINGS = YES;
				SWIFT_VERSION = 5.0;
				TARGETED_DEVICE_FAMILY = "1,2";
			};
			name = Release;
		};
/* End XCBuildConfiguration section */

/* Begin XCConfigurationList section */
		809C1FD92C2EA06F00F2FEF2 /* Build configuration list for PBXProject "Scrumdinger" */ = {
			isa = XCConfigurationList;
			buildConfigurations = (
				809C1FEA2C2EA07000F2FEF2 /* Debug */,
				809C1FEB2C2EA07000F2FEF2 /* Release */,
			);
			defaultConfigurationIsVisible = 0;
			defaultConfigurationName = Release;
		};
		809C1FEC2C2EA07000F2FEF2 /* Build configuration list for PBXNativeTarget "Scrumdinger" */ = {
			isa = XCConfigurationList;
			buildConfigurations = (
				809C1FED2C2EA07000F2FEF2 /* Debug */,
				809C1FEE2C2EA07000F2FEF2 /* Release */,
			);
			defaultConfigurationIsVisible = 0;
			defaultConfigurationName = Release;
		};
/* End XCConfigurationList section */
	};
	rootObject = 809C1FD62C2EA06F00F2FEF2 /* Project object */;
}
